
Microsoft Visual Studio Solution File, Format Version 12.00
# Visual Studio Version 17
VisualStudioVersion = 17.9.34728.123
MinimumVisualStudioVersion = 10.0.40219.1
Project("{FAE04EC0-301F-11D3-BF4B-00C04F79EFBC}") = "Beauty_salon", "Beauty_salon\Beauty_salon.csproj", "{4C46D409-F400-495E-947D-B65DEE719675}"
EndProject
Global
	GlobalSection(SolutionConfigurationPlatforms) = preSolution
		Debug|Any CPU = Debug|Any CPU
		Release|Any CPU = Release|Any CPU
	EndGlobalSection
	GlobalSection(ProjectConfigurationPlatforms) = postSolution
		{4C46D409-F400-495E-947D-B65DEE719675}.Debug|Any CPU.ActiveCfg = Debug|Any CPU
		{4C46D409-F400-495E-947D-B65DEE719675}.Debug|Any CPU.Build.0 = Debug|Any CPU
		{4C46D409-F400-495E-947D-B65DEE719675}.Release|Any CPU.ActiveCfg = Release|Any CPU
		{4C46D409-F400-495E-947D-B65DEE719675}.Release|Any CPU.Build.0 = Release|Any CPU
	EndGlobalSection
	GlobalSection(SolutionProperties) = preSolution
		HideSolutionNode = FALSE
	EndGlobalSection
	GlobalSection(ExtensibilityGlobals) = postSolution
		SolutionGuid = {B3C2A1BA-7B85-4248-B3F6-2FAF2C586D77}
	EndGlobalSection
EndGlobal
